speakeasyVersion: 1.796.4
sources:
    ClientCasa API:
        sourceNamespace: client-casa-api
        sourceRevisionDigest: sha256:b19810fa3596b42e879da503933b04672923846d0a98082867a7ad0d98160a5b
        sourceBlobDigest: sha256:81f23517503f0145f34b642f3eef497f969b38e081c6e9d587e26143574a38c6
        tags:
            - latest
            - 1.0.0
targets:
    client-casa:
        source: ClientCasa API
        sourceNamespace: client-casa-api
        sourceRevisionDigest: sha256:b19810fa3596b42e879da503933b04672923846d0a98082867a7ad0d98160a5b
        sourceBlobDigest: sha256:81f23517503f0145f34b642f3eef497f969b38e081c6e9d587e26143574a38c6
        codeSamplesNamespace: client-casa-api-typescript-code-samples
        codeSamplesRevisionDigest: sha256:454aa9eb7d244a1ea7946251eb253e8c40cddab8b260502928e2bfe503a4af4e
workflow:
    workflowVersion: 1.0.0
    speakeasyVersion: latest
    sources:
        ClientCasa API:
            inputs:
                - location: https://www.clientcasa.com/api/v1/openapi.json
            output: .speakeasy/out.openapi.yaml
            registry:
                location: registry.speakeasyapi.dev/delmare-digital/clientcasa/client-casa-api
    targets:
        client-casa:
            target: typescript
            source: ClientCasa API
            publish:
                npm:
                    token: $npm_token
            codeSamples:
                registry:
                    location: registry.speakeasyapi.dev/delmare-digital/clientcasa/client-casa-api-typescript-code-samples
                labelOverride:
                    fixedValue: Typescript (SDK)
                blocking: false
