speakeasyVersion: 1.776.0
sources:
    ClientCasa API:
        sourceNamespace: client-casa-api
        sourceRevisionDigest: sha256:ce65d7ba4758e93036b2522dc1b3b26583fadf5b61ec2d387a39ca85ff7959db
        sourceBlobDigest: sha256:00dae12081a6fbcdbc5b45818bfbab53eee6da37f911983bc00caa553b4799eb
        tags:
            - latest
            - 1.0.0
targets:
    client-casa:
        source: ClientCasa API
        sourceNamespace: client-casa-api
        sourceRevisionDigest: sha256:ce65d7ba4758e93036b2522dc1b3b26583fadf5b61ec2d387a39ca85ff7959db
        sourceBlobDigest: sha256:00dae12081a6fbcdbc5b45818bfbab53eee6da37f911983bc00caa553b4799eb
        codeSamplesNamespace: client-casa-api-typescript-code-samples
        codeSamplesRevisionDigest: sha256:4e6fbad78fb0d01115069c77806150711ad61a31676926d0b3ed7a2c006fb248
workflow:
    workflowVersion: 1.0.0
    speakeasyVersion: latest
    sources:
        ClientCasa API:
            inputs:
                - location: https://www.clientcasa.com/api/v1/openapi.json
            output: .speakeasy/out.openapi.yaml
            registry:
                location: registry.speakeasyapi.dev/delmare-digital/clientcasa/client-casa-api
    targets:
        client-casa:
            target: typescript
            source: ClientCasa API
            publish:
                npm:
                    token: $npm_token
            codeSamples:
                registry:
                    location: registry.speakeasyapi.dev/delmare-digital/clientcasa/client-casa-api-typescript-code-samples
                labelOverride:
                    fixedValue: Typescript (SDK)
                blocking: false
