speakeasyVersion: 1.774.0
sources:
    ClientCasa API:
        sourceNamespace: client-casa-api
        sourceRevisionDigest: sha256:408691f154004c142aabfdc7710595467f6e290b5e282a51251e517bf99913a4
        sourceBlobDigest: sha256:6ec0f3ac164557d8de66f47a27e9ea6a54df0728e99e8dbc8af916083ef52e61
        tags:
            - latest
            - 1.0.0
targets:
    client-casa:
        source: ClientCasa API
        sourceNamespace: client-casa-api
        sourceRevisionDigest: sha256:408691f154004c142aabfdc7710595467f6e290b5e282a51251e517bf99913a4
        sourceBlobDigest: sha256:6ec0f3ac164557d8de66f47a27e9ea6a54df0728e99e8dbc8af916083ef52e61
        codeSamplesNamespace: client-casa-api-typescript-code-samples
        codeSamplesRevisionDigest: sha256:48c9a738c62c827f44d0da50dd8635bd8f917a93e61779f6ce995d5cc50cc7cc
workflow:
    workflowVersion: 1.0.0
    speakeasyVersion: latest
    sources:
        ClientCasa API:
            inputs:
                - location: https://www.clientcasa.com/api/v1/openapi.json
            output: .speakeasy/out.openapi.yaml
            registry:
                location: registry.speakeasyapi.dev/delmare-digital/clientcasa/client-casa-api
    targets:
        client-casa:
            target: typescript
            source: ClientCasa API
            publish:
                npm:
                    token: $npm_token
            codeSamples:
                registry:
                    location: registry.speakeasyapi.dev/delmare-digital/clientcasa/client-casa-api-typescript-code-samples
                labelOverride:
                    fixedValue: Typescript (SDK)
                blocking: false
